
Microsoft Visual Studio Solution File, Format Version 12.00
# Visual Studio 14
VisualStudioVersion = 14.0.24720.0
MinimumVisualStudioVersion = 10.0.40219.1
Project("{FAE04EC0-301F-11D3-BF4B-00C04F79EFBC}") = "TestOfTesters", "TestOfTesters\TestOfTesters.csproj", "{BDDFE93C-3DB9-42AD-A14B-38014FA19C57}"
EndProject
Project("{FAE04EC0-301F-11D3-BF4B-00C04F79EFBC}") = "TestOfTesters.Tests", "TestOfTesters.Tests\TestOfTesters.Tests.csproj", "{1883F075-A813-42F3-9389-CD0CD64A160D}"
EndProject
Global
	GlobalSection(SolutionConfigurationPlatforms) = preSolution
		Debug|Any CPU = Debug|Any CPU
		Release|Any CPU = Release|Any CPU
	EndGlobalSection
	GlobalSection(ProjectConfigurationPlatforms) = postSolution
		{BDDFE93C-3DB9-42AD-A14B-38014FA19C57}.Debug|Any CPU.ActiveCfg = Debug|Any CPU
		{BDDFE93C-3DB9-42AD-A14B-38014FA19C57}.Debug|Any CPU.Build.0 = Debug|Any CPU
		{BDDFE93C-3DB9-42AD-A14B-38014FA19C57}.Release|Any CPU.ActiveCfg = Release|Any CPU
		{BDDFE93C-3DB9-42AD-A14B-38014FA19C57}.Release|Any CPU.Build.0 = Release|Any CPU
		{1883F075-A813-42F3-9389-CD0CD64A160D}.Debug|Any CPU.ActiveCfg = Debug|Any CPU
		{1883F075-A813-42F3-9389-CD0CD64A160D}.Debug|Any CPU.Build.0 = Debug|Any CPU
		{1883F075-A813-42F3-9389-CD0CD64A160D}.Release|Any CPU.ActiveCfg = Release|Any CPU
		{1883F075-A813-42F3-9389-CD0CD64A160D}.Release|Any CPU.Build.0 = Release|Any CPU
	EndGlobalSection
	GlobalSection(SolutionProperties) = preSolution
		HideSolutionNode = FALSE
	EndGlobalSection
EndGlobal
